
Microsoft Visual Studio Solution File, Format Version 12.00
Project("{FAE04EC0-301F-11D3-BF4B-00C04F79EFBC}") = "Siemens-PPCL", "Siemens-PPCL\Siemens-PPCL.csproj", "{477380C7-0F1F-4B56-8125-93E9098B458E}"
EndProject
Global
	GlobalSection(SolutionConfigurationPlatforms) = preSolution
		Debug|Any CPU = Debug|Any CPU
		Release|Any CPU = Release|Any CPU
	EndGlobalSection
	GlobalSection(ProjectConfigurationPlatforms) = postSolution
		{477380C7-0F1F-4B56-8125-93E9098B458E}.Debug|Any CPU.ActiveCfg = Debug|Any CPU
		{477380C7-0F1F-4B56-8125-93E9098B458E}.Debug|Any CPU.Build.0 = Debug|Any CPU
		{477380C7-0F1F-4B56-8125-93E9098B458E}.Release|Any CPU.ActiveCfg = Release|Any CPU
		{477380C7-0F1F-4B56-8125-93E9098B458E}.Release|Any CPU.Build.0 = Release|Any CPU
	EndGlobalSection
EndGlobal
